
Microsoft Visual Studio Solution File, Format Version 12.00
# Visual Studio Version 17
VisualStudioVersion = 17.6.33829.357
MinimumVisualStudioVersion = 10.0.40219.1
Project("{2150E333-8FDC-42A3-9474-1A3956D46DE8}") = "Services", "Services", "{EB9B678F-7503-4351-88C3-8573AA7A0F30}"
EndProject
Project("{2150E333-8FDC-42A3-9474-1A3956D46DE8}") = "Catalog", "Catalog", "{2274F4FF-C577-4F3F-B38E-92FDB7683F12}"
EndProject
Project("{FAE04EC0-301F-11D3-BF4B-00C04F79EFBC}") = "Catalog.API", "..\Catalog.API\Catalog.API.csproj", "{F13F248C-4AB9-4CA8-AB7B-D047AD27F002}"
EndProject
Global
	GlobalSection(SolutionConfigurationPlatforms) = preSolution
		Debug|Any CPU = Debug|Any CPU
		Release|Any CPU = Release|Any CPU
	EndGlobalSection
	GlobalSection(ProjectConfigurationPlatforms) = postSolution
		{F13F248C-4AB9-4CA8-AB7B-D047AD27F002}.Debug|Any CPU.ActiveCfg = Debug|Any CPU
		{F13F248C-4AB9-4CA8-AB7B-D047AD27F002}.Debug|Any CPU.Build.0 = Debug|Any CPU
		{F13F248C-4AB9-4CA8-AB7B-D047AD27F002}.Release|Any CPU.ActiveCfg = Release|Any CPU
		{F13F248C-4AB9-4CA8-AB7B-D047AD27F002}.Release|Any CPU.Build.0 = Release|Any CPU
	EndGlobalSection
	GlobalSection(SolutionProperties) = preSolution
		HideSolutionNode = FALSE
	EndGlobalSection
	GlobalSection(NestedProjects) = preSolution
		{2274F4FF-C577-4F3F-B38E-92FDB7683F12} = {EB9B678F-7503-4351-88C3-8573AA7A0F30}
		{F13F248C-4AB9-4CA8-AB7B-D047AD27F002} = {2274F4FF-C577-4F3F-B38E-92FDB7683F12}
	EndGlobalSection
	GlobalSection(ExtensibilityGlobals) = postSolution
		SolutionGuid = {ADCA5140-65BB-493C-8876-0A7D5841ED9D}
	EndGlobalSection
EndGlobal
